
Microsoft Visual Studio Solution File, Format Version 12.00
# Visual Studio Version 16
VisualStudioVersion = 16.0.30503.244
MinimumVisualStudioVersion = 10.0.40219.1
Project("{FAE04EC0-301F-11D3-BF4B-00C04F79EFBC}") = "trainerZapi", "trainerZapi\trainerZapi.csproj", "{10FCB2D6-B80B-436B-897A-4E894C6066B1}"
EndProject
Global
	GlobalSection(SolutionConfigurationPlatforms) = preSolution
		Debug|Any CPU = Debug|Any CPU
		Release|Any CPU = Release|Any CPU
	EndGlobalSection
	GlobalSection(ProjectConfigurationPlatforms) = postSolution
		{10FCB2D6-B80B-436B-897A-4E894C6066B1}.Debug|Any CPU.ActiveCfg = Debug|Any CPU
		{10FCB2D6-B80B-436B-897A-4E894C6066B1}.Debug|Any CPU.Build.0 = Debug|Any CPU
		{10FCB2D6-B80B-436B-897A-4E894C6066B1}.Release|Any CPU.ActiveCfg = Release|Any CPU
		{10FCB2D6-B80B-436B-897A-4E894C6066B1}.Release|Any CPU.Build.0 = Release|Any CPU
	EndGlobalSection
	GlobalSection(SolutionProperties) = preSolution
		HideSolutionNode = FALSE
	EndGlobalSection
	GlobalSection(ExtensibilityGlobals) = postSolution
		SolutionGuid = {D232729E-D6A2-4023-9486-60041D40F516}
	EndGlobalSection
EndGlobal
